// !$*UTF8*$!
{
	archiveVersion = 1;
	classes = {
	};
	objectVersion = 55;
	objects = {

/* Begin PBXBuildFile section */
		8A047F3527E5B363006CD85F /* AppDelegate.swift in Sources */ = {isa = PBXBuildFile; fileRef = 8A047F3427E5B363006CD85F /* AppDelegate.swift */; };
		8A047F3727E5B363006CD85F /* SceneDelegate.swift in Sources */ = {isa = PBXBuildFile; fileRef = 8A047F3627E5B363006CD85F /* SceneDelegate.swift */; };
		8A047F3C27E5B363006CD85F /* Main.storyboard in Resources */ = {isa = PBXBuildFile; fileRef = 8A047F3A27E5B363006CD85F /* Main.storyboard */; };
		8A047F3E27E5B364006CD85F /* Assets.xcassets in Resources */ = {isa = PBXBuildFile; fileRef = 8A047F3D27E5B364006CD85F /* Assets.xcassets */; };
		8A047F4127E5B364006CD85F /* LaunchScreen.storyboard in Resources */ = {isa = PBXBuildFile; fileRef = 8A047F3F27E5B364006CD85F /* LaunchScreen.storyboard */; };
		8A0AEDCD27F9153000EB13E6 /* LoginViewController.swift in Sources */ = {isa = PBXBuildFile; fileRef = 8A0AEDCC27F9153000EB13E6 /* LoginViewController.swift */; };
		8A0AEDCF27F9C56000EB13E6 /* RegisterViewController.swift in Sources */ = {isa = PBXBuildFile; fileRef = 8A0AEDCE27F9C56000EB13E6 /* RegisterViewController.swift */; };
		8A0AEDD127FA9D9B00EB13E6 /* Color-Extension.swift in Sources */ = {isa = PBXBuildFile; fileRef = 8A0AEDD027FA9D9B00EB13E6 /* Color-Extension.swift */; };
		8A0AEDD327FAA54A00EB13E6 /* UIView+Extension.swift in Sources */ = {isa = PBXBuildFile; fileRef = 8A0AEDD227FAA54A00EB13E6 /* UIView+Extension.swift */; };
		8A0AEDD527FAA6F000EB13E6 /* UIViewController+Extension.swift in Sources */ = {isa = PBXBuildFile; fileRef = 8A0AEDD427FAA6F000EB13E6 /* UIViewController+Extension.swift */; };
/* End PBXBuildFile section */

/* Begin PBXFileReference section */
		8A047F3127E5B363006CD85F /* UMC_study_1.app */ = {isa = PBXFileReference; explicitFileType = wrapper.application; includeInIndex = 0; path = UMC_study_1.app; sourceTree = BUILT_PRODUCTS_DIR; };
		8A047F3427E5B363006CD85F /* AppDelegate.swift */ = {isa = PBXFileReference; lastKnownFileType = sourcecode.swift; path = AppDelegate.swift; sourceTree = "<group>"; };
		8A047F3627E5B363006CD85F /* SceneDelegate.swift */ = {isa = PBXFileReference; lastKnownFileType = sourcecode.swift; path = SceneDelegate.swift; sourceTree = "<group>"; };
		8A047F3B27E5B363006CD85F /* Base */ = {isa = PBXFileReference; lastKnownFileType = file.storyboard; name = Base; path = Base.lproj/Main.storyboard; sourceTree = "<group>"; };
		8A047F3D27E5B364006CD85F /* Assets.xcassets */ = {isa = PBXFileReference; lastKnownFileType = folder.assetcatalog; path = Assets.xcassets; sourceTree = "<group>"; };
		8A047F4027E5B364006CD85F /* Base */ = {isa = PBXFileReference; lastKnownFileType = file.storyboard; name = Base; path = Base.lproj/LaunchScreen.storyboard; sourceTree = "<group>"; };
		8A047F4227E5B364006CD85F /* Info.plist */ = {isa = PBXFileReference; lastKnownFileType = text.plist.xml; path = Info.plist; sourceTree = "<group>"; };
		8A0AEDCC27F9153000EB13E6 /* LoginViewController.swift */ = {isa = PBXFileReference; lastKnownFileType = sourcecode.swift; path = LoginViewController.swift; sourceTree = "<group>"; };
		8A0AEDCE27F9C56000EB13E6 /* RegisterViewController.swift */ = {isa = PBXFileReference; lastKnownFileType = sourcecode.swift; path = RegisterViewController.swift; sourceTree = "<group>"; };
		8A0AEDD027FA9D9B00EB13E6 /* Color-Extension.swift */ = {isa = PBXFileReference; lastKnownFileType = sourcecode.swift; path = "Color-Extension.swift"; sourceTree = "<group>"; };
		8A0AEDD227FAA54A00EB13E6 /* UIView+Extension.swift */ = {isa = PBXFileReference; lastKnownFileType = sourcecode.swift; path = "UIView+Extension.swift"; sourceTree = "<group>"; };
		8A0AEDD427FAA6F000EB13E6 /* UIViewController+Extension.swift */ = {isa = PBXFileReference; lastKnownFileType = sourcecode.swift; path = "UIViewController+Extension.swift"; sourceTree = "<group>"; };
/* End PBXFileReference section */

/* Begin PBXFrameworksBuildPhase section */
		8A047F2E27E5B363006CD85F /* Frameworks */ = {
			isa = PBXFrameworksBuildPhase;
			buildActionMask = 2147483647;
			files = (
			);
			runOnlyForDeploymentPostprocessing = 0;
		};
/* End PBXFrameworksBuildPhase section */

/* Begin PBXGroup section */
		8A047F2827E5B363006CD85F = {
			isa = PBXGroup;
			children = (
				8A0AEDD427FAA6F000EB13E6 /* UIViewController+Extension.swift */,
				8A0AEDD227FAA54A00EB13E6 /* UIView+Extension.swift */,
				8A047F3327E5B363006CD85F /* UMC_study_1 */,
				8A047F3227E5B363006CD85F /* Products */,
			);
			sourceTree = "<group>";
		};
		8A047F3227E5B363006CD85F /* Products */ = {
			isa = PBXGroup;
			children = (
				8A047F3127E5B363006CD85F /* UMC_study_1.app */,
			);
			name = Products;
			sourceTree = "<group>";
		};
		8A047F3327E5B363006CD85F /* UMC_study_1 */ = {
			isa = PBXGroup;
			children = (
				8A047F3427E5B363006CD85F /* AppDelegate.swift */,
				8A047F3627E5B363006CD85F /* SceneDelegate.swift */,
				8A0AEDD027FA9D9B00EB13E6 /* Color-Extension.swift */,
				8A047F3A27E5B363006CD85F /* Main.storyboard */,
				8A0AEDCC27F9153000EB13E6 /* LoginViewController.swift */,
				8A0AEDCE27F9C56000EB13E6 /* RegisterViewController.swift */,
				8A047F3D27E5B364006CD85F /* Assets.xcassets */,
				8A047F3F27E5B364006CD85F /* LaunchScreen.storyboard */,
				8A047F4227E5B364006CD85F /* Info.plist */,
			);
			path = UMC_study_1;
			sourceTree = "<group>";
		};
/* End PBXGroup section */

/* Begin PBXNativeTarget section */
		8A047F3027E5B363006CD85F /* UMC_study_1 */ = {
			isa = PBXNativeTarget;
			buildConfigurationList = 8A047F4527E5B364006CD85F /* Build configuration list for PBXNativeTarget "UMC_study_1" */;
			buildPhases = (
				8A047F2D27E5B363006CD85F /* Sources */,
				8A047F2E27E5B363006CD85F /* Frameworks */,
				8A047F2F27E5B363006CD85F /* Resources */,
			);
			buildRules = (
			);
			dependencies = (
			);
			name = UMC_study_1;
			productName = UMC_study_1;
			productReference = 8A047F3127E5B363006CD85F /* UMC_study_1.app */;
			productType = "com.apple.product-type.application";
		};
/* End PBXNativeTarget section */

/* Begin PBXProject section */
		8A047F2927E5B363006CD85F /* Project object */ = {
			isa = PBXProject;
			attributes = {
				BuildIndependentTargetsInParallel = 1;
				LastSwiftUpdateCheck = 1300;
				LastUpgradeCheck = 1300;
				TargetAttributes = {
					8A047F3027E5B363006CD85F = {
						CreatedOnToolsVersion = 13.0;
					};
				};
			};
			buildConfigurationList = 8A047F2C27E5B363006CD85F /* Build configuration list for PBXProject "UMC_study_1" */;
			compatibilityVersion = "Xcode 13.0";
			developmentRegion = en;
			hasScannedForEncodings = 0;
			knownRegions = (
				en,
				Base,
			);
			mainGroup = 8A047F2827E5B363006CD85F;
			productRefGroup = 8A047F3227E5B363006CD85F /* Products */;
			projectDirPath = "";
			projectRoot = "";
			targets = (
				8A047F3027E5B363006CD85F /* UMC_study_1 */,
			);
		};
/* End PBXProject section */

/* Begin PBXResourcesBuildPhase section */
		8A047F2F27E5B363006CD85F /* Resources */ = {
			isa = PBXResourcesBuildPhase;
			buildActionMask = 2147483647;
			files = (
				8A047F4127E5B364006CD85F /* LaunchScreen.storyboard in Resources */,
				8A047F3E27E5B364006CD85F /* Assets.xcassets in Resources */,
				8A047F3C27E5B363006CD85F /* Main.storyboard in Resources */,
			);
			runOnlyForDeploymentPostprocessing = 0;
		};
/* End PBXResourcesBuildPhase section */

/* Begin PBXSourcesBuildPhase section */
		8A047F2D27E5B363006CD85F /* Sources */ = {
			isa = PBXSourcesBuildPhase;
			buildActionMask = 2147483647;
			files = (
				8A0AEDD327FAA54A00EB13E6 /* UIView+Extension.swift in Sources */,
				8A0AEDCD27F9153000EB13E6 /* LoginViewController.swift in Sources */,
				8A047F3527E5B363006CD85F /* AppDelegate.swift in Sources */,
				8A047F3727E5B363006CD85F /* SceneDelegate.swift in Sources */,
				8A0AEDD527FAA6F000EB13E6 /* UIViewController+Extension.swift in Sources */,
				8A0AEDD127FA9D9B00EB13E6 /* Color-Extension.swift in Sources */,
				8A0AEDCF27F9C56000EB13E6 /* RegisterViewController.swift in Sources */,
			);
			runOnlyForDeploymentPostprocessing = 0;
		};
/* End PBXSourcesBuildPhase section */

/* Begin PBXVariantGroup section */
		8A047F3A27E5B363006CD85F /* Main.storyboard */ = {
			isa = PBXVariantGroup;
			children = (
				8A047F3B27E5B363006CD85F /* Base */,
			);
			name = Main.storyboard;
			sourceTree = "<group>";
		};
		8A047F3F27E5B364006CD85F /* LaunchScreen.storyboard */ = {
			isa = PBXVariantGroup;
			children = (
				8A047F4027E5B364006CD85F /* Base */,
			);
			name = LaunchScreen.storyboard;
			sourceTree = "<group>";
		};
/* End PBXVariantGroup section */

/* Begin XCBuildConfiguration section */
		8A047F4327E5B364006CD85F /* Debug */ = {
			isa = XCBuildConfiguration;
			buildSettings = {
				ALWAYS_SEARCH_USER_PATHS = NO;
				CLANG_ANALYZER_NONNULL = YES;
				CLANG_ANALYZER_NUMBER_OBJECT_CONVERSION = YES_AGGRESSIVE;
				CLANG_CXX_LANGUAGE_STANDARD = "gnu++17";
				CLANG_CXX_LIBRARY = "libc++";
				CLANG_ENABLE_MODULES = YES;
				CLANG_ENABLE_OBJC_ARC = YES;
				CLANG_ENABLE_OBJC_WEAK = YES;
				CLANG_WARN_BLOCK_CAPTURE_AUTORELEASING = YES;
				CLANG_WARN_BOOL_CONVERSION = YES;
				CLANG_WARN_COMMA = YES;
				CLANG_WARN_CONSTANT_CONVERSION = YES;
				CLANG_WARN_DEPRECATED_OBJC_IMPLEMENTATIONS = YES;
				CLANG_WARN_DIRECT_OBJC_ISA_USAGE = YES_ERROR;
				CLANG_WARN_DOCUMENTATION_COMMENTS = YES;
				CLANG_WARN_EMPTY_BODY = YES;
				CLANG_WARN_ENUM_CONVERSION = YES;
				CLANG_WARN_INFINITE_RECURSION = YES;
				CLANG_WARN_INT_CONVERSION = YES;
				CLANG_WARN_NON_LITERAL_NULL_CONVERSION = YES;
				CLANG_WARN_OBJC_IMPLICIT_RETAIN_SELF = YES;
				CLANG_WARN_OBJC_LITERAL_CONVERSION = YES;
				CLANG_WARN_OBJC_ROOT_CLASS = YES_ERROR;
				CLANG_WARN_QUOTED_INCLUDE_IN_FRAMEWORK_HEADER = YES;
				CLANG_WARN_RANGE_LOOP_ANALYSIS = YES;
				CLANG_WARN_STRICT_PROTOTYPES = YES;
				CLANG_WARN_SUSPICIOUS_MOVE = YES;
				CLANG_WARN_UNGUARDED_AVAILABILITY = YES_AGGRESSIVE;
				CLANG_WARN_UNREACHABLE_CODE = YES;
				CLANG_WARN__DUPLICATE_METHOD_MATCH = YES;
				COPY_PHASE_STRIP = NO;
				DEBUG_INFORMATION_FORMAT = dwarf;
				ENABLE_STRICT_OBJC_MSGSEND = YES;
				ENABLE_TESTABILITY = YES;
				GCC_C_LANGUAGE_STANDARD = gnu11;
				GCC_DYNAMIC_NO_PIC = NO;
				GCC_NO_COMMON_BLOCKS = YES;
				GCC_OPTIMIZATION_LEVEL = 0;
				GCC_PREPROCESSOR_DEFINITIONS = (
					"DEBUG=1",
					"$(inherited)",
				);
				GCC_WARN_64_TO_32_BIT_CONVERSION = YES;
				GCC_WARN_ABOUT_RETURN_TYPE = YES_ERROR;
				GCC_WARN_UNDECLARED_SELECTOR = YES;
				GCC_WARN_UNINITIALIZED_AUTOS = YES_AGGRESSIVE;
				GCC_WARN_UNUSED_FUNCTION = YES;
				GCC_WARN_UNUSED_VARIABLE = YES;
				IPHONEOS_DEPLOYMENT_TARGET = 15.0;
				MTL_ENABLE_DEBUG_INFO = INCLUDE_SOURCE;
				MTL_FAST_MATH = YES;
				ONLY_ACTIVE_ARCH = YES;
				SDKROOT = iphoneos;
				SWIFT_ACTIVE_COMPILATION_CONDITIONS = DEBUG;
				SWIFT_OPTIMIZATION_LEVEL = "-Onone";
			};
			name = Debug;
		};
		8A047F4427E5B364006CD85F /* Release */ = {
			isa = XCBuildConfiguration;
			buildSettings = {
				ALWAYS_SEARCH_USER_PATHS = NO;
				CLANG_ANALYZER_NONNULL = YES;
				CLANG_ANALYZER_NUMBER_OBJECT_CONVERSION = YES_AGGRESSIVE;
				CLANG_CXX_LANGUAGE_STANDARD = "gnu++17";
				CLANG_CXX_LIBRARY = "libc++";
				CLANG_ENABLE_MODULES = YES;
				CLANG_ENABLE_OBJC_ARC = YES;
				CLANG_ENABLE_OBJC_WEAK = YES;
				CLANG_WARN_BLOCK_CAPTURE_AUTORELEASING = YES;
				CLANG_WARN_BOOL_CONVERSION = YES;
				CLANG_WARN_COMMA = YES;
				CLANG_WARN_CONSTANT_CONVERSION = YES;
				CLANG_WARN_DEPRECATED_OBJC_IMPLEMENTATIONS = YES;
				CLANG_WARN_DIRECT_OBJC_ISA_USAGE = YES_ERROR;
				CLANG_WARN_DOCUMENTATION_COMMENTS = YES;
				CLANG_WARN_EMPTY_BODY = YES;
				CLANG_WARN_ENUM_CONVERSION = YES;
				CLANG_WARN_INFINITE_RECURSION = YES;
				CLANG_WARN_INT_CONVERSION = YES;
				CLANG_WARN_NON_LITERAL_NULL_CONVERSION = YES;
				CLANG_WARN_OBJC_IMPLICIT_RETAIN_SELF = YES;
				CLANG_WARN_OBJC_LITERAL_CONVERSION = YES;
				CLANG_WARN_OBJC_ROOT_CLASS = YES_ERROR;
				CLANG_WARN_QUOTED_INCLUDE_IN_FRAMEWORK_HEADER = YES;
				CLANG_WARN_RANGE_LOOP_ANALYSIS = YES;
				CLANG_WARN_STRICT_PROTOTYPES = YES;
				CLANG_WARN_SUSPICIOUS_MOVE = YES;
				CLANG_WARN_UNGUARDED_AVAILABILITY = YES_AGGRESSIVE;
				CLANG_WARN_UNREACHABLE_CODE = YES;
				CLANG_WARN__DUPLICATE_METHOD_MATCH = YES;
				COPY_PHASE_STRIP = NO;
				DEBUG_INFORMATION_FORMAT = "dwarf-with-dsym";
				ENABLE_NS_ASSERTIONS = NO;
				ENABLE_STRICT_OBJC_MSGSEND = YES;
				GCC_C_LANGUAGE_STANDARD = gnu11;
				GCC_NO_COMMON_BLOCKS = YES;
				GCC_WARN_64_TO_32_BIT_CONVERSION = YES;
				GCC_WARN_ABOUT_RETURN_TYPE = YES_ERROR;
				GCC_WARN_UNDECLARED_SELECTOR = YES;
				GCC_WARN_UNINITIALIZED_AUTOS = YES_AGGRESSIVE;
				GCC_WARN_UNUSED_FUNCTION = YES;
				GCC_WARN_UNUSED_VARIABLE = YES;
				IPHONEOS_DEPLOYMENT_TARGET = 15.0;
				MTL_ENABLE_DEBUG_INFO = NO;
				MTL_FAST_MATH = YES;
				SDKROOT = iphoneos;
				SWIFT_COMPILATION_MODE = wholemodule;
				SWIFT_OPTIMIZATION_LEVEL = "-O";
				VALIDATE_PRODUCT = YES;
			};
			name = Release;
		};
		8A047F4627E5B364006CD85F /* Debug */ = {
			isa = XCBuildConfiguration;
			buildSettings = {
				ASSETCATALOG_COMPILER_APPICON_NAME = AppIcon;
				ASSETCATALOG_COMPILER_GLOBAL_ACCENT_COLOR_NAME = AccentColor;
				CODE_SIGN_STYLE = Automatic;
				CURRENT_PROJECT_VERSION = 1;
				GENERATE_INFOPLIST_FILE = YES;
				INFOPLIST_FILE = UMC_study_1/Info.plist;
				INFOPLIST_KEY_UIApplicationSupportsIndirectInputEvents = YES;
				INFOPLIST_KEY_UILaunchStoryboardName = LaunchScreen;
				INFOPLIST_KEY_UIMainStoryboardFile = Main;
				INFOPLIST_KEY_UISupportedInterfaceOrientations = "";
				INFOPLIST_KEY_UISupportedInterfaceOrientations_iPad = "UIInterfaceOrientationPortrait UIInterfaceOrientationPortraitUpsideDown UIInterfaceOrientationLandscapeLeft UIInterfaceOrientationLandscapeRight";
				INFOPLIST_KEY_UISupportedInterfaceOrientations_iPhone = "UIInterfaceOrientationPortrait UIInterfaceOrientationLandscapeLeft UIInterfaceOrientationLandscapeRight";
				LD_RUNPATH_SEARCH_PATHS = (
					"$(inherited)",
					"@executable_path/Frameworks",
				);
				MARKETING_VERSION = 1.0;
				PRODUCT_BUNDLE_IDENTIFIER = "com.helloworld.UMC-study-1";
				PRODUCT_NAME = "$(TARGET_NAME)";
				SWIFT_EMIT_LOC_STRINGS = YES;
				SWIFT_VERSION = 5.0;
				TARGETED_DEVICE_FAMILY = "1,2";
			};
			name = Debug;
		};
		8A047F4727E5B364006CD85F /* Release */ = {
			isa = XCBuildConfiguration;
			buildSettings = {
				ASSETCATALOG_COMPILER_APPICON_NAME = AppIcon;
				ASSETCATALOG_COMPILER_GLOBAL_ACCENT_COLOR_NAME = AccentColor;
				CODE_SIGN_STYLE = Automatic;
				CURRENT_PROJECT_VERSION = 1;
				GENERATE_INFOPLIST_FILE = YES;
				INFOPLIST_FILE = UMC_study_1/Info.plist;
				INFOPLIST_KEY_UIApplicationSupportsIndirectInputEvents = YES;
				INFOPLIST_KEY_UILaunchStoryboardName = LaunchScreen;
				INFOPLIST_KEY_UIMainStoryboardFile = Main;
				INFOPLIST_KEY_UISupportedInterfaceOrientations = "";
				INFOPLIST_KEY_UISupportedInterfaceOrientations_iPad = "UIInterfaceOrientationPortrait UIInterfaceOrientationPortraitUpsideDown UIInterfaceOrientationLandscapeLeft UIInterfaceOrientationLandscapeRight";
				INFOPLIST_KEY_UISupportedInterfaceOrientations_iPhone = "UIInterfaceOrientationPortrait UIInterfaceOrientationLandscapeLeft UIInterfaceOrientationLandscapeRight";
				LD_RUNPATH_SEARCH_PATHS = (
					"$(inherited)",
					"@executable_path/Frameworks",
				);
				MARKETING_VERSION = 1.0;
				PRODUCT_BUNDLE_IDENTIFIER = "com.helloworld.UMC-study-1";
				PRODUCT_NAME = "$(TARGET_NAME)";
				SWIFT_EMIT_LOC_STRINGS = YES;
				SWIFT_VERSION = 5.0;
				TARGETED_DEVICE_FAMILY = "1,2";
			};
			name = Release;
		};
/* End XCBuildConfiguration section */

/* Begin XCConfigurationList section */
		8A047F2C27E5B363006CD85F /* Build configuration list for PBXProject "UMC_study_1" */ = {
			isa = XCConfigurationList;
			buildConfigurations = (
				8A047F4327E5B364006CD85F /* Debug */,
				8A047F4427E5B364006CD85F /* Release */,
			);
			defaultConfigurationIsVisible = 0;
			defaultConfigurationName = Release;
		};
		8A047F4527E5B364006CD85F /* Build configuration list for PBXNativeTarget "UMC_study_1" */ = {
			isa = XCConfigurationList;
			buildConfigurations = (
				8A047F4627E5B364006CD85F /* Debug */,
				8A047F4727E5B364006CD85F /* Release */,
			);
			defaultConfigurationIsVisible = 0;
			defaultConfigurationName = Release;
		};
/* End XCConfigurationList section */
	};
	rootObject = 8A047F2927E5B363006CD85F /* Project object */;
}
