// !$*UTF8*$!
{
	archiveVersion = 1;
	classes = {
	};
	objectVersion = 55;
	objects = {

/* Begin PBXBuildFile section */
		5C2D617D27E7A9C200FF54BD /* AppDelegate.swift in Sources */ = {isa = PBXBuildFile; fileRef = 5C2D617C27E7A9C200FF54BD /* AppDelegate.swift */; };
		5C2D617F27E7A9C200FF54BD /* SceneDelegate.swift in Sources */ = {isa = PBXBuildFile; fileRef = 5C2D617E27E7A9C200FF54BD /* SceneDelegate.swift */; };
		5C2D618427E7A9C200FF54BD /* Main.storyboard in Resources */ = {isa = PBXBuildFile; fileRef = 5C2D618227E7A9C200FF54BD /* Main.storyboard */; };
		5C2D618627E7A9C300FF54BD /* Assets.xcassets in Resources */ = {isa = PBXBuildFile; fileRef = 5C2D618527E7A9C300FF54BD /* Assets.xcassets */; };
		5C2D618927E7A9C300FF54BD /* LaunchScreen.storyboard in Resources */ = {isa = PBXBuildFile; fileRef = 5C2D618727E7A9C300FF54BD /* LaunchScreen.storyboard */; };
		5C2D619427E7A9C300FF54BD /* CatstagramTests.swift in Sources */ = {isa = PBXBuildFile; fileRef = 5C2D619327E7A9C300FF54BD /* CatstagramTests.swift */; };
		5C2D619E27E7A9C300FF54BD /* CatstagramUITests.swift in Sources */ = {isa = PBXBuildFile; fileRef = 5C2D619D27E7A9C300FF54BD /* CatstagramUITests.swift */; };
		5C2D61A027E7A9C300FF54BD /* CatstagramUITestsLaunchTests.swift in Sources */ = {isa = PBXBuildFile; fileRef = 5C2D619F27E7A9C300FF54BD /* CatstagramUITestsLaunchTests.swift */; };
		5C2D622527F8EB1D00FF54BD /* LoginViewController.swift in Sources */ = {isa = PBXBuildFile; fileRef = 5C2D622427F8EB1D00FF54BD /* LoginViewController.swift */; };
		5C2D622727F8EEF900FF54BD /* RegisterViewController.swift in Sources */ = {isa = PBXBuildFile; fileRef = 5C2D622627F8EEF900FF54BD /* RegisterViewController.swift */; };
		5C2D622B27FA2FC200FF54BD /* Color+Extension.swift in Sources */ = {isa = PBXBuildFile; fileRef = 5C2D622A27FA2FC200FF54BD /* Color+Extension.swift */; };
		5C2D622D27FA344C00FF54BD /* UIView+Extension.swift in Sources */ = {isa = PBXBuildFile; fileRef = 5C2D622C27FA344C00FF54BD /* UIView+Extension.swift */; };
		5C2D622F27FA368E00FF54BD /* UIViewController+Extension.swift in Sources */ = {isa = PBXBuildFile; fileRef = 5C2D622E27FA368E00FF54BD /* UIViewController+Extension.swift */; };
		5C2D623127FAE8DE00FF54BD /* UserInfo.swift in Sources */ = {isa = PBXBuildFile; fileRef = 5C2D623027FAE8DE00FF54BD /* UserInfo.swift */; };
		5C2D623327FAEF8600FF54BD /* TestViewController.swift in Sources */ = {isa = PBXBuildFile; fileRef = 5C2D623227FAEF8600FF54BD /* TestViewController.swift */; };
/* End PBXBuildFile section */

/* Begin PBXContainerItemProxy section */
		5C2D619027E7A9C300FF54BD /* PBXContainerItemProxy */ = {
			isa = PBXContainerItemProxy;
			containerPortal = 5C2D617127E7A9C200FF54BD /* Project object */;
			proxyType = 1;
			remoteGlobalIDString = 5C2D617827E7A9C200FF54BD;
			remoteInfo = Catstagram;
		};
		5C2D619A27E7A9C300FF54BD /* PBXContainerItemProxy */ = {
			isa = PBXContainerItemProxy;
			containerPortal = 5C2D617127E7A9C200FF54BD /* Project object */;
			proxyType = 1;
			remoteGlobalIDString = 5C2D617827E7A9C200FF54BD;
			remoteInfo = Catstagram;
		};
/* End PBXContainerItemProxy section */

/* Begin PBXFileReference section */
		5C2D617927E7A9C200FF54BD /* Catstagram.app */ = {isa = PBXFileReference; explicitFileType = wrapper.application; includeInIndex = 0; path = Catstagram.app; sourceTree = BUILT_PRODUCTS_DIR; };
		5C2D617C27E7A9C200FF54BD /* AppDelegate.swift */ = {isa = PBXFileReference; lastKnownFileType = sourcecode.swift; path = AppDelegate.swift; sourceTree = "<group>"; };
		5C2D617E27E7A9C200FF54BD /* SceneDelegate.swift */ = {isa = PBXFileReference; lastKnownFileType = sourcecode.swift; path = SceneDelegate.swift; sourceTree = "<group>"; };
		5C2D618327E7A9C200FF54BD /* Base */ = {isa = PBXFileReference; lastKnownFileType = file.storyboard; name = Base; path = Base.lproj/Main.storyboard; sourceTree = "<group>"; };
		5C2D618527E7A9C300FF54BD /* Assets.xcassets */ = {isa = PBXFileReference; lastKnownFileType = folder.assetcatalog; path = Assets.xcassets; sourceTree = "<group>"; };
		5C2D618827E7A9C300FF54BD /* Base */ = {isa = PBXFileReference; lastKnownFileType = file.storyboard; name = Base; path = Base.lproj/LaunchScreen.storyboard; sourceTree = "<group>"; };
		5C2D618A27E7A9C300FF54BD /* Info.plist */ = {isa = PBXFileReference; lastKnownFileType = text.plist.xml; path = Info.plist; sourceTree = "<group>"; };
		5C2D618F27E7A9C300FF54BD /* CatstagramTests.xctest */ = {isa = PBXFileReference; explicitFileType = wrapper.cfbundle; includeInIndex = 0; path = CatstagramTests.xctest; sourceTree = BUILT_PRODUCTS_DIR; };
		5C2D619327E7A9C300FF54BD /* CatstagramTests.swift */ = {isa = PBXFileReference; lastKnownFileType = sourcecode.swift; path = CatstagramTests.swift; sourceTree = "<group>"; };
		5C2D619927E7A9C300FF54BD /* CatstagramUITests.xctest */ = {isa = PBXFileReference; explicitFileType = wrapper.cfbundle; includeInIndex = 0; path = CatstagramUITests.xctest; sourceTree = BUILT_PRODUCTS_DIR; };
		5C2D619D27E7A9C300FF54BD /* CatstagramUITests.swift */ = {isa = PBXFileReference; lastKnownFileType = sourcecode.swift; path = CatstagramUITests.swift; sourceTree = "<group>"; };
		5C2D619F27E7A9C300FF54BD /* CatstagramUITestsLaunchTests.swift */ = {isa = PBXFileReference; lastKnownFileType = sourcecode.swift; path = CatstagramUITestsLaunchTests.swift; sourceTree = "<group>"; };
		5C2D622427F8EB1D00FF54BD /* LoginViewController.swift */ = {isa = PBXFileReference; lastKnownFileType = sourcecode.swift; path = LoginViewController.swift; sourceTree = "<group>"; };
		5C2D622627F8EEF900FF54BD /* RegisterViewController.swift */ = {isa = PBXFileReference; lastKnownFileType = sourcecode.swift; path = RegisterViewController.swift; sourceTree = "<group>"; };
		5C2D622A27FA2FC200FF54BD /* Color+Extension.swift */ = {isa = PBXFileReference; lastKnownFileType = sourcecode.swift; path = "Color+Extension.swift"; sourceTree = "<group>"; };
		5C2D622C27FA344C00FF54BD /* UIView+Extension.swift */ = {isa = PBXFileReference; lastKnownFileType = sourcecode.swift; path = "UIView+Extension.swift"; sourceTree = "<group>"; };
		5C2D622E27FA368E00FF54BD /* UIViewController+Extension.swift */ = {isa = PBXFileReference; lastKnownFileType = sourcecode.swift; path = "UIViewController+Extension.swift"; sourceTree = "<group>"; };
		5C2D623027FAE8DE00FF54BD /* UserInfo.swift */ = {isa = PBXFileReference; lastKnownFileType = sourcecode.swift; path = UserInfo.swift; sourceTree = "<group>"; };
		5C2D623227FAEF8600FF54BD /* TestViewController.swift */ = {isa = PBXFileReference; lastKnownFileType = sourcecode.swift; path = TestViewController.swift; sourceTree = "<group>"; };
/* End PBXFileReference section */

/* Begin PBXFrameworksBuildPhase section */
		5C2D617627E7A9C200FF54BD /* Frameworks */ = {
			isa = PBXFrameworksBuildPhase;
			buildActionMask = 2147483647;
			files = (
			);
			runOnlyForDeploymentPostprocessing = 0;
		};
		5C2D618C27E7A9C300FF54BD /* Frameworks */ = {
			isa = PBXFrameworksBuildPhase;
			buildActionMask = 2147483647;
			files = (
			);
			runOnlyForDeploymentPostprocessing = 0;
		};
		5C2D619627E7A9C300FF54BD /* Frameworks */ = {
			isa = PBXFrameworksBuildPhase;
			buildActionMask = 2147483647;
			files = (
			);
			runOnlyForDeploymentPostprocessing = 0;
		};
/* End PBXFrameworksBuildPhase section */

/* Begin PBXGroup section */
		5C2D617027E7A9C200FF54BD = {
			isa = PBXGroup;
			children = (
				5C2D617B27E7A9C200FF54BD /* Catstagram */,
				5C2D619227E7A9C300FF54BD /* CatstagramTests */,
				5C2D619C27E7A9C300FF54BD /* CatstagramUITests */,
				5C2D617A27E7A9C200FF54BD /* Products */,
			);
			sourceTree = "<group>";
		};
		5C2D617A27E7A9C200FF54BD /* Products */ = {
			isa = PBXGroup;
			children = (
				5C2D617927E7A9C200FF54BD /* Catstagram.app */,
				5C2D618F27E7A9C300FF54BD /* CatstagramTests.xctest */,
				5C2D619927E7A9C300FF54BD /* CatstagramUITests.xctest */,
			);
			name = Products;
			sourceTree = "<group>";
		};
		5C2D617B27E7A9C200FF54BD /* Catstagram */ = {
			isa = PBXGroup;
			children = (
				5C2D617C27E7A9C200FF54BD /* AppDelegate.swift */,
				5C2D617E27E7A9C200FF54BD /* SceneDelegate.swift */,
				5C2D618227E7A9C200FF54BD /* Main.storyboard */,
				5C2D623227FAEF8600FF54BD /* TestViewController.swift */,
				5C2D622627F8EEF900FF54BD /* RegisterViewController.swift */,
				5C2D623027FAE8DE00FF54BD /* UserInfo.swift */,
				5C2D622427F8EB1D00FF54BD /* LoginViewController.swift */,
				5C2D618527E7A9C300FF54BD /* Assets.xcassets */,
				5C2D618727E7A9C300FF54BD /* LaunchScreen.storyboard */,
				5C2D618A27E7A9C300FF54BD /* Info.plist */,
				5C2D622A27FA2FC200FF54BD /* Color+Extension.swift */,
				5C2D622C27FA344C00FF54BD /* UIView+Extension.swift */,
				5C2D622E27FA368E00FF54BD /* UIViewController+Extension.swift */,
			);
			path = Catstagram;
			sourceTree = "<group>";
		};
		5C2D619227E7A9C300FF54BD /* CatstagramTests */ = {
			isa = PBXGroup;
			children = (
				5C2D619327E7A9C300FF54BD /* CatstagramTests.swift */,
			);
			path = CatstagramTests;
			sourceTree = "<group>";
		};
		5C2D619C27E7A9C300FF54BD /* CatstagramUITests */ = {
			isa = PBXGroup;
			children = (
				5C2D619D27E7A9C300FF54BD /* CatstagramUITests.swift */,
				5C2D619F27E7A9C300FF54BD /* CatstagramUITestsLaunchTests.swift */,
			);
			path = CatstagramUITests;
			sourceTree = "<group>";
		};
/* End PBXGroup section */

/* Begin PBXNativeTarget section */
		5C2D617827E7A9C200FF54BD /* Catstagram */ = {
			isa = PBXNativeTarget;
			buildConfigurationList = 5C2D61A327E7A9C300FF54BD /* Build configuration list for PBXNativeTarget "Catstagram" */;
			buildPhases = (
				5C2D617527E7A9C200FF54BD /* Sources */,
				5C2D617627E7A9C200FF54BD /* Frameworks */,
				5C2D617727E7A9C200FF54BD /* Resources */,
			);
			buildRules = (
			);
			dependencies = (
			);
			name = Catstagram;
			productName = Catstagram;
			productReference = 5C2D617927E7A9C200FF54BD /* Catstagram.app */;
			productType = "com.apple.product-type.application";
		};
		5C2D618E27E7A9C300FF54BD /* CatstagramTests */ = {
			isa = PBXNativeTarget;
			buildConfigurationList = 5C2D61A627E7A9C300FF54BD /* Build configuration list for PBXNativeTarget "CatstagramTests" */;
			buildPhases = (
				5C2D618B27E7A9C300FF54BD /* Sources */,
				5C2D618C27E7A9C300FF54BD /* Frameworks */,
				5C2D618D27E7A9C300FF54BD /* Resources */,
			);
			buildRules = (
			);
			dependencies = (
				5C2D619127E7A9C300FF54BD /* PBXTargetDependency */,
			);
			name = CatstagramTests;
			productName = CatstagramTests;
			productReference = 5C2D618F27E7A9C300FF54BD /* CatstagramTests.xctest */;
			productType = "com.apple.product-type.bundle.unit-test";
		};
		5C2D619827E7A9C300FF54BD /* CatstagramUITests */ = {
			isa = PBXNativeTarget;
			buildConfigurationList = 5C2D61A927E7A9C300FF54BD /* Build configuration list for PBXNativeTarget "CatstagramUITests" */;
			buildPhases = (
				5C2D619527E7A9C300FF54BD /* Sources */,
				5C2D619627E7A9C300FF54BD /* Frameworks */,
				5C2D619727E7A9C300FF54BD /* Resources */,
			);
			buildRules = (
			);
			dependencies = (
				5C2D619B27E7A9C300FF54BD /* PBXTargetDependency */,
			);
			name = CatstagramUITests;
			productName = CatstagramUITests;
			productReference = 5C2D619927E7A9C300FF54BD /* CatstagramUITests.xctest */;
			productType = "com.apple.product-type.bundle.ui-testing";
		};
/* End PBXNativeTarget section */

/* Begin PBXProject section */
		5C2D617127E7A9C200FF54BD /* Project object */ = {
			isa = PBXProject;
			attributes = {
				BuildIndependentTargetsInParallel = 1;
				LastSwiftUpdateCheck = 1320;
				LastUpgradeCheck = 1320;
				TargetAttributes = {
					5C2D617827E7A9C200FF54BD = {
						CreatedOnToolsVersion = 13.2.1;
					};
					5C2D618E27E7A9C300FF54BD = {
						CreatedOnToolsVersion = 13.2.1;
						TestTargetID = 5C2D617827E7A9C200FF54BD;
					};
					5C2D619827E7A9C300FF54BD = {
						CreatedOnToolsVersion = 13.2.1;
						TestTargetID = 5C2D617827E7A9C200FF54BD;
					};
				};
			};
			buildConfigurationList = 5C2D617427E7A9C200FF54BD /* Build configuration list for PBXProject "Catstagram" */;
			compatibilityVersion = "Xcode 13.0";
			developmentRegion = en;
			hasScannedForEncodings = 0;
			knownRegions = (
				en,
				Base,
			);
			mainGroup = 5C2D617027E7A9C200FF54BD;
			productRefGroup = 5C2D617A27E7A9C200FF54BD /* Products */;
			projectDirPath = "";
			projectRoot = "";
			targets = (
				5C2D617827E7A9C200FF54BD /* Catstagram */,
				5C2D618E27E7A9C300FF54BD /* CatstagramTests */,
				5C2D619827E7A9C300FF54BD /* CatstagramUITests */,
			);
		};
/* End PBXProject section */

/* Begin PBXResourcesBuildPhase section */
		5C2D617727E7A9C200FF54BD /* Resources */ = {
			isa = PBXResourcesBuildPhase;
			buildActionMask = 2147483647;
			files = (
				5C2D618927E7A9C300FF54BD /* LaunchScreen.storyboard in Resources */,
				5C2D618627E7A9C300FF54BD /* Assets.xcassets in Resources */,
				5C2D618427E7A9C200FF54BD /* Main.storyboard in Resources */,
			);
			runOnlyForDeploymentPostprocessing = 0;
		};
		5C2D618D27E7A9C300FF54BD /* Resources */ = {
			isa = PBXResourcesBuildPhase;
			buildActionMask = 2147483647;
			files = (
			);
			runOnlyForDeploymentPostprocessing = 0;
		};
		5C2D619727E7A9C300FF54BD /* Resources */ = {
			isa = PBXResourcesBuildPhase;
			buildActionMask = 2147483647;
			files = (
			);
			runOnlyForDeploymentPostprocessing = 0;
		};
/* End PBXResourcesBuildPhase section */

/* Begin PBXSourcesBuildPhase section */
		5C2D617527E7A9C200FF54BD /* Sources */ = {
			isa = PBXSourcesBuildPhase;
			buildActionMask = 2147483647;
			files = (
				5C2D622D27FA344C00FF54BD /* UIView+Extension.swift in Sources */,
				5C2D622527F8EB1D00FF54BD /* LoginViewController.swift in Sources */,
				5C2D622B27FA2FC200FF54BD /* Color+Extension.swift in Sources */,
				5C2D617D27E7A9C200FF54BD /* AppDelegate.swift in Sources */,
				5C2D623127FAE8DE00FF54BD /* UserInfo.swift in Sources */,
				5C2D622F27FA368E00FF54BD /* UIViewController+Extension.swift in Sources */,
				5C2D617F27E7A9C200FF54BD /* SceneDelegate.swift in Sources */,
				5C2D623327FAEF8600FF54BD /* TestViewController.swift in Sources */,
				5C2D622727F8EEF900FF54BD /* RegisterViewController.swift in Sources */,
			);
			runOnlyForDeploymentPostprocessing = 0;
		};
		5C2D618B27E7A9C300FF54BD /* Sources */ = {
			isa = PBXSourcesBuildPhase;
			buildActionMask = 2147483647;
			files = (
				5C2D619427E7A9C300FF54BD /* CatstagramTests.swift in Sources */,
			);
			runOnlyForDeploymentPostprocessing = 0;
		};
		5C2D619527E7A9C300FF54BD /* Sources */ = {
			isa = PBXSourcesBuildPhase;
			buildActionMask = 2147483647;
			files = (
				5C2D619E27E7A9C300FF54BD /* CatstagramUITests.swift in Sources */,
				5C2D61A027E7A9C300FF54BD /* CatstagramUITestsLaunchTests.swift in Sources */,
			);
			runOnlyForDeploymentPostprocessing = 0;
		};
/* End PBXSourcesBuildPhase section */

/* Begin PBXTargetDependency section */
		5C2D619127E7A9C300FF54BD /* PBXTargetDependency */ = {
			isa = PBXTargetDependency;
			target = 5C2D617827E7A9C200FF54BD /* Catstagram */;
			targetProxy = 5C2D619027E7A9C300FF54BD /* PBXContainerItemProxy */;
		};
		5C2D619B27E7A9C300FF54BD /* PBXTargetDependency */ = {
			isa = PBXTargetDependency;
			target = 5C2D617827E7A9C200FF54BD /* Catstagram */;
			targetProxy = 5C2D619A27E7A9C300FF54BD /* PBXContainerItemProxy */;
		};
/* End PBXTargetDependency section */

/* Begin PBXVariantGroup section */
		5C2D618227E7A9C200FF54BD /* Main.storyboard */ = {
			isa = PBXVariantGroup;
			children = (
				5C2D618327E7A9C200FF54BD /* Base */,
			);
			name = Main.storyboard;
			sourceTree = "<group>";
		};
		5C2D618727E7A9C300FF54BD /* LaunchScreen.storyboard */ = {
			isa = PBXVariantGroup;
			children = (
				5C2D618827E7A9C300FF54BD /* Base */,
			);
			name = LaunchScreen.storyboard;
			sourceTree = "<group>";
		};
/* End PBXVariantGroup section */

/* Begin XCBuildConfiguration section */
		5C2D61A127E7A9C300FF54BD /* Debug */ = {
			isa = XCBuildConfiguration;
			buildSettings = {
				ALWAYS_SEARCH_USER_PATHS = NO;
				CLANG_ANALYZER_NONNULL = YES;
				CLANG_ANALYZER_NUMBER_OBJECT_CONVERSION = YES_AGGRESSIVE;
				CLANG_CXX_LANGUAGE_STANDARD = "gnu++17";
				CLANG_CXX_LIBRARY = "libc++";
				CLANG_ENABLE_MODULES = YES;
				CLANG_ENABLE_OBJC_ARC = YES;
				CLANG_ENABLE_OBJC_WEAK = YES;
				CLANG_WARN_BLOCK_CAPTURE_AUTORELEASING = YES;
				CLANG_WARN_BOOL_CONVERSION = YES;
				CLANG_WARN_COMMA = YES;
				CLANG_WARN_CONSTANT_CONVERSION = YES;
				CLANG_WARN_DEPRECATED_OBJC_IMPLEMENTATIONS = YES;
				CLANG_WARN_DIRECT_OBJC_ISA_USAGE = YES_ERROR;
				CLANG_WARN_DOCUMENTATION_COMMENTS = YES;
				CLANG_WARN_EMPTY_BODY = YES;
				CLANG_WARN_ENUM_CONVERSION = YES;
				CLANG_WARN_INFINITE_RECURSION = YES;
				CLANG_WARN_INT_CONVERSION = YES;
				CLANG_WARN_NON_LITERAL_NULL_CONVERSION = YES;
				CLANG_WARN_OBJC_IMPLICIT_RETAIN_SELF = YES;
				CLANG_WARN_OBJC_LITERAL_CONVERSION = YES;
				CLANG_WARN_OBJC_ROOT_CLASS = YES_ERROR;
				CLANG_WARN_QUOTED_INCLUDE_IN_FRAMEWORK_HEADER = YES;
				CLANG_WARN_RANGE_LOOP_ANALYSIS = YES;
				CLANG_WARN_STRICT_PROTOTYPES = YES;
				CLANG_WARN_SUSPICIOUS_MOVE = YES;
				CLANG_WARN_UNGUARDED_AVAILABILITY = YES_AGGRESSIVE;
				CLANG_WARN_UNREACHABLE_CODE = YES;
				CLANG_WARN__DUPLICATE_METHOD_MATCH = YES;
				COPY_PHASE_STRIP = NO;
				DEBUG_INFORMATION_FORMAT = dwarf;
				ENABLE_STRICT_OBJC_MSGSEND = YES;
				ENABLE_TESTABILITY = YES;
				GCC_C_LANGUAGE_STANDARD = gnu11;
				GCC_DYNAMIC_NO_PIC = NO;
				GCC_NO_COMMON_BLOCKS = YES;
				GCC_OPTIMIZATION_LEVEL = 0;
				GCC_PREPROCESSOR_DEFINITIONS = (
					"DEBUG=1",
					"$(inherited)",
				);
				GCC_WARN_64_TO_32_BIT_CONVERSION = YES;
				GCC_WARN_ABOUT_RETURN_TYPE = YES_ERROR;
				GCC_WARN_UNDECLARED_SELECTOR = YES;
				GCC_WARN_UNINITIALIZED_AUTOS = YES_AGGRESSIVE;
				GCC_WARN_UNUSED_FUNCTION = YES;
				GCC_WARN_UNUSED_VARIABLE = YES;
				IPHONEOS_DEPLOYMENT_TARGET = 15.2;
				MTL_ENABLE_DEBUG_INFO = INCLUDE_SOURCE;
				MTL_FAST_MATH = YES;
				ONLY_ACTIVE_ARCH = YES;
				SDKROOT = iphoneos;
				SWIFT_ACTIVE_COMPILATION_CONDITIONS = DEBUG;
				SWIFT_OPTIMIZATION_LEVEL = "-Onone";
			};
			name = Debug;
		};
		5C2D61A227E7A9C300FF54BD /* Release */ = {
			isa = XCBuildConfiguration;
			buildSettings = {
				ALWAYS_SEARCH_USER_PATHS = NO;
				CLANG_ANALYZER_NONNULL = YES;
				CLANG_ANALYZER_NUMBER_OBJECT_CONVERSION = YES_AGGRESSIVE;
				CLANG_CXX_LANGUAGE_STANDARD = "gnu++17";
				CLANG_CXX_LIBRARY = "libc++";
				CLANG_ENABLE_MODULES = YES;
				CLANG_ENABLE_OBJC_ARC = YES;
				CLANG_ENABLE_OBJC_WEAK = YES;
				CLANG_WARN_BLOCK_CAPTURE_AUTORELEASING = YES;
				CLANG_WARN_BOOL_CONVERSION = YES;
				CLANG_WARN_COMMA = YES;
				CLANG_WARN_CONSTANT_CONVERSION = YES;
				CLANG_WARN_DEPRECATED_OBJC_IMPLEMENTATIONS = YES;
				CLANG_WARN_DIRECT_OBJC_ISA_USAGE = YES_ERROR;
				CLANG_WARN_DOCUMENTATION_COMMENTS = YES;
				CLANG_WARN_EMPTY_BODY = YES;
				CLANG_WARN_ENUM_CONVERSION = YES;
				CLANG_WARN_INFINITE_RECURSION = YES;
				CLANG_WARN_INT_CONVERSION = YES;
				CLANG_WARN_NON_LITERAL_NULL_CONVERSION = YES;
				CLANG_WARN_OBJC_IMPLICIT_RETAIN_SELF = YES;
				CLANG_WARN_OBJC_LITERAL_CONVERSION = YES;
				CLANG_WARN_OBJC_ROOT_CLASS = YES_ERROR;
				CLANG_WARN_QUOTED_INCLUDE_IN_FRAMEWORK_HEADER = YES;
				CLANG_WARN_RANGE_LOOP_ANALYSIS = YES;
				CLANG_WARN_STRICT_PROTOTYPES = YES;
				CLANG_WARN_SUSPICIOUS_MOVE = YES;
				CLANG_WARN_UNGUARDED_AVAILABILITY = YES_AGGRESSIVE;
				CLANG_WARN_UNREACHABLE_CODE = YES;
				CLANG_WARN__DUPLICATE_METHOD_MATCH = YES;
				COPY_PHASE_STRIP = NO;
				DEBUG_INFORMATION_FORMAT = "dwarf-with-dsym";
				ENABLE_NS_ASSERTIONS = NO;
				ENABLE_STRICT_OBJC_MSGSEND = YES;
				GCC_C_LANGUAGE_STANDARD = gnu11;
				GCC_NO_COMMON_BLOCKS = YES;
				GCC_WARN_64_TO_32_BIT_CONVERSION = YES;
				GCC_WARN_ABOUT_RETURN_TYPE = YES_ERROR;
				GCC_WARN_UNDECLARED_SELECTOR = YES;
				GCC_WARN_UNINITIALIZED_AUTOS = YES_AGGRESSIVE;
				GCC_WARN_UNUSED_FUNCTION = YES;
				GCC_WARN_UNUSED_VARIABLE = YES;
				IPHONEOS_DEPLOYMENT_TARGET = 15.2;
				MTL_ENABLE_DEBUG_INFO = NO;
				MTL_FAST_MATH = YES;
				SDKROOT = iphoneos;
				SWIFT_COMPILATION_MODE = wholemodule;
				SWIFT_OPTIMIZATION_LEVEL = "-O";
				VALIDATE_PRODUCT = YES;
			};
			name = Release;
		};
		5C2D61A427E7A9C300FF54BD /* Debug */ = {
			isa = XCBuildConfiguration;
			buildSettings = {
				ASSETCATALOG_COMPILER_APPICON_NAME = AppIcon;
				ASSETCATALOG_COMPILER_GLOBAL_ACCENT_COLOR_NAME = AccentColor;
				CODE_SIGN_STYLE = Automatic;
				CURRENT_PROJECT_VERSION = 1;
				DEVELOPMENT_TEAM = 223Y45ZD5C;
				GENERATE_INFOPLIST_FILE = YES;
				INFOPLIST_FILE = Catstagram/Info.plist;
				INFOPLIST_KEY_UIApplicationSupportsIndirectInputEvents = YES;
				INFOPLIST_KEY_UILaunchStoryboardName = LaunchScreen;
				INFOPLIST_KEY_UIMainStoryboardFile = Main;
				INFOPLIST_KEY_UISupportedInterfaceOrientations_iPad = "UIInterfaceOrientationPortrait UIInterfaceOrientationPortraitUpsideDown UIInterfaceOrientationLandscapeLeft UIInterfaceOrientationLandscapeRight";
				INFOPLIST_KEY_UISupportedInterfaceOrientations_iPhone = "UIInterfaceOrientationPortrait UIInterfaceOrientationLandscapeLeft UIInterfaceOrientationLandscapeRight";
				LD_RUNPATH_SEARCH_PATHS = (
					"$(inherited)",
					"@executable_path/Frameworks",
				);
				MARKETING_VERSION = 1.0;
				PRODUCT_BUNDLE_IDENTIFIER = umc.Catstagram;
				PRODUCT_NAME = "$(TARGET_NAME)";
				SWIFT_EMIT_LOC_STRINGS = YES;
				SWIFT_VERSION = 5.0;
				TARGETED_DEVICE_FAMILY = "1,2";
			};
			name = Debug;
		};
		5C2D61A527E7A9C300FF54BD /* Release */ = {
			isa = XCBuildConfiguration;
			buildSettings = {
				ASSETCATALOG_COMPILER_APPICON_NAME = AppIcon;
				ASSETCATALOG_COMPILER_GLOBAL_ACCENT_COLOR_NAME = AccentColor;
				CODE_SIGN_STYLE = Automatic;
				CURRENT_PROJECT_VERSION = 1;
				DEVELOPMENT_TEAM = 223Y45ZD5C;
				GENERATE_INFOPLIST_FILE = YES;
				INFOPLIST_FILE = Catstagram/Info.plist;
				INFOPLIST_KEY_UIApplicationSupportsIndirectInputEvents = YES;
				INFOPLIST_KEY_UILaunchStoryboardName = LaunchScreen;
				INFOPLIST_KEY_UIMainStoryboardFile = Main;
				INFOPLIST_KEY_UISupportedInterfaceOrientations_iPad = "UIInterfaceOrientationPortrait UIInterfaceOrientationPortraitUpsideDown UIInterfaceOrientationLandscapeLeft UIInterfaceOrientationLandscapeRight";
				INFOPLIST_KEY_UISupportedInterfaceOrientations_iPhone = "UIInterfaceOrientationPortrait UIInterfaceOrientationLandscapeLeft UIInterfaceOrientationLandscapeRight";
				LD_RUNPATH_SEARCH_PATHS = (
					"$(inherited)",
					"@executable_path/Frameworks",
				);
				MARKETING_VERSION = 1.0;
				PRODUCT_BUNDLE_IDENTIFIER = umc.Catstagram;
				PRODUCT_NAME = "$(TARGET_NAME)";
				SWIFT_EMIT_LOC_STRINGS = YES;
				SWIFT_VERSION = 5.0;
				TARGETED_DEVICE_FAMILY = "1,2";
			};
			name = Release;
		};
		5C2D61A727E7A9C300FF54BD /* Debug */ = {
			isa = XCBuildConfiguration;
			buildSettings = {
				ALWAYS_EMBED_SWIFT_STANDARD_LIBRARIES = YES;
				BUNDLE_LOADER = "$(TEST_HOST)";
				CODE_SIGN_STYLE = Automatic;
				CURRENT_PROJECT_VERSION = 1;
				DEVELOPMENT_TEAM = 223Y45ZD5C;
				GENERATE_INFOPLIST_FILE = YES;
				IPHONEOS_DEPLOYMENT_TARGET = 15.2;
				MARKETING_VERSION = 1.0;
				PRODUCT_BUNDLE_IDENTIFIER = umc.CatstagramTests;
				PRODUCT_NAME = "$(TARGET_NAME)";
				SWIFT_EMIT_LOC_STRINGS = NO;
				SWIFT_VERSION = 5.0;
				TARGETED_DEVICE_FAMILY = "1,2";
				TEST_HOST = "$(BUILT_PRODUCTS_DIR)/Catstagram.app/Catstagram";
			};
			name = Debug;
		};
		5C2D61A827E7A9C300FF54BD /* Release */ = {
			isa = XCBuildConfiguration;
			buildSettings = {
				ALWAYS_EMBED_SWIFT_STANDARD_LIBRARIES = YES;
				BUNDLE_LOADER = "$(TEST_HOST)";
				CODE_SIGN_STYLE = Automatic;
				CURRENT_PROJECT_VERSION = 1;
				DEVELOPMENT_TEAM = 223Y45ZD5C;
				GENERATE_INFOPLIST_FILE = YES;
				IPHONEOS_DEPLOYMENT_TARGET = 15.2;
				MARKETING_VERSION = 1.0;
				PRODUCT_BUNDLE_IDENTIFIER = umc.CatstagramTests;
				PRODUCT_NAME = "$(TARGET_NAME)";
				SWIFT_EMIT_LOC_STRINGS = NO;
				SWIFT_VERSION = 5.0;
				TARGETED_DEVICE_FAMILY = "1,2";
				TEST_HOST = "$(BUILT_PRODUCTS_DIR)/Catstagram.app/Catstagram";
			};
			name = Release;
		};
		5C2D61AA27E7A9C300FF54BD /* Debug */ = {
			isa = XCBuildConfiguration;
			buildSettings = {
				ALWAYS_EMBED_SWIFT_STANDARD_LIBRARIES = YES;
				CODE_SIGN_STYLE = Automatic;
				CURRENT_PROJECT_VERSION = 1;
				DEVELOPMENT_TEAM = 223Y45ZD5C;
				GENERATE_INFOPLIST_FILE = YES;
				MARKETING_VERSION = 1.0;
				PRODUCT_BUNDLE_IDENTIFIER = umc.CatstagramUITests;
				PRODUCT_NAME = "$(TARGET_NAME)";
				SWIFT_EMIT_LOC_STRINGS = NO;
				SWIFT_VERSION = 5.0;
				TARGETED_DEVICE_FAMILY = "1,2";
				TEST_TARGET_NAME = Catstagram;
			};
			name = Debug;
		};
		5C2D61AB27E7A9C300FF54BD /* Release */ = {
			isa = XCBuildConfiguration;
			buildSettings = {
				ALWAYS_EMBED_SWIFT_STANDARD_LIBRARIES = YES;
				CODE_SIGN_STYLE = Automatic;
				CURRENT_PROJECT_VERSION = 1;
				DEVELOPMENT_TEAM = 223Y45ZD5C;
				GENERATE_INFOPLIST_FILE = YES;
				MARKETING_VERSION = 1.0;
				PRODUCT_BUNDLE_IDENTIFIER = umc.CatstagramUITests;
				PRODUCT_NAME = "$(TARGET_NAME)";
				SWIFT_EMIT_LOC_STRINGS = NO;
				SWIFT_VERSION = 5.0;
				TARGETED_DEVICE_FAMILY = "1,2";
				TEST_TARGET_NAME = Catstagram;
			};
			name = Release;
		};
/* End XCBuildConfiguration section */

/* Begin XCConfigurationList section */
		5C2D617427E7A9C200FF54BD /* Build configuration list for PBXProject "Catstagram" */ = {
			isa = XCConfigurationList;
			buildConfigurations = (
				5C2D61A127E7A9C300FF54BD /* Debug */,
				5C2D61A227E7A9C300FF54BD /* Release */,
			);
			defaultConfigurationIsVisible = 0;
			defaultConfigurationName = Release;
		};
		5C2D61A327E7A9C300FF54BD /* Build configuration list for PBXNativeTarget "Catstagram" */ = {
			isa = XCConfigurationList;
			buildConfigurations = (
				5C2D61A427E7A9C300FF54BD /* Debug */,
				5C2D61A527E7A9C300FF54BD /* Release */,
			);
			defaultConfigurationIsVisible = 0;
			defaultConfigurationName = Release;
		};
		5C2D61A627E7A9C300FF54BD /* Build configuration list for PBXNativeTarget "CatstagramTests" */ = {
			isa = XCConfigurationList;
			buildConfigurations = (
				5C2D61A727E7A9C300FF54BD /* Debug */,
				5C2D61A827E7A9C300FF54BD /* Release */,
			);
			defaultConfigurationIsVisible = 0;
			defaultConfigurationName = Release;
		};
		5C2D61A927E7A9C300FF54BD /* Build configuration list for PBXNativeTarget "CatstagramUITests" */ = {
			isa = XCConfigurationList;
			buildConfigurations = (
				5C2D61AA27E7A9C300FF54BD /* Debug */,
				5C2D61AB27E7A9C300FF54BD /* Release */,
			);
			defaultConfigurationIsVisible = 0;
			defaultConfigurationName = Release;
		};
/* End XCConfigurationList section */
	};
	rootObject = 5C2D617127E7A9C200FF54BD /* Project object */;
}
